
Microsoft Visual Studio Solution File, Format Version 12.00
# Visual Studio 2013
VisualStudioVersion = 12.0.30501.0
MinimumVisualStudioVersion = 10.0.40219.1
Project("{8BC9CEB8-8B4A-11D0-8D11-00A0C91BC942}") = "Tutorial 1 - Create Window", "Tutorial 1 - Create Window\Tutorial 1 - Create Window.vcxproj", "{4776A936-094A-4681-9A7D-0E1A99945A6D}"
EndProject
Project("{8BC9CEB8-8B4A-11D0-8D11-00A0C91BC942}") = "Tutorial 2 - Texture Mapping", "Tutorial 2 - Texture Mapping\Tutorial 2 - Texture Mapping.vcxproj", "{B4A35D64-2780-4C90-822A-325628A3F929}"
EndProject
Project("{8BC9CEB8-8B4A-11D0-8D11-00A0C91BC942}") = "DirectXTK_Desktop_2013", "DirectXTK\DirectXTK_Desktop_2013.vcxproj", "{E0B52AE7-E160-4D32-BF3F-910B785E5A8E}"
EndProject
Project("{8BC9CEB8-8B4A-11D0-8D11-00A0C91BC942}") = "DXUtils", "DXUtils\DXUtils.vcxproj", "{4DF7B057-9C7A-425E-84B1-ED86F664BD55}"
EndProject
Project("{8BC9CEB8-8B4A-11D0-8D11-00A0C91BC942}") = "DirectXTex", "DirectXTex\DirectXTex\DirectXTex_Desktop_2013.vcxproj", "{371B9FA9-4C90-4AC6-A123-ACED756D6C77}"
EndProject
Project("{8BC9CEB8-8B4A-11D0-8D11-00A0C91BC942}") = "Tutorial 3 - Surface Lighting", "Tutorial 3 - Surface Lighting\Tutorial 3 -Surface Lighting.vcxproj", "{0510141B-8E86-4E08-B691-1A51AF0E00E6}"
EndProject
Project("{8BC9CEB8-8B4A-11D0-8D11-00A0C91BC942}") = "Tutorial 4 - Blending", "Tutorial 4 - Blending\Tutorial 4 - Blending.vcxproj", "{3C114122-2DD1-45C3-ADF8-4E4C792B9D35}"
EndProject
Project("{8BC9CEB8-8B4A-11D0-8D11-00A0C91BC942}") = "Tutorial 5 - Geometry Shader", "Tutorial 5 - Geometry Shader\Tutorial 5 - Geometry Shader.vcxproj", "{79BEE8F7-DD9D-421B-A477-9AF47931534C}"
EndProject
Project("{8BC9CEB8-8B4A-11D0-8D11-00A0C91BC942}") = "Tutorial 6 - Points", "Tutorial 6 - Points\Tutorial 6 - Geometry Shader.vcxproj", "{ABDB75F7-BE9B-4369-8DA9-66D8B22D0E17}"
EndProject
Global
	GlobalSection(SolutionConfigurationPlatforms) = preSolution
		Debug|Win32 = Debug|Win32
		Debug|x64 = Debug|x64
		Profile|Win32 = Profile|Win32
		Profile|x64 = Profile|x64
		Release|Win32 = Release|Win32
		Release|x64 = Release|x64
	EndGlobalSection
	GlobalSection(ProjectConfigurationPlatforms) = postSolution
		{4776A936-094A-4681-9A7D-0E1A99945A6D}.Debug|Win32.ActiveCfg = Debug|Win32
		{4776A936-094A-4681-9A7D-0E1A99945A6D}.Debug|Win32.Build.0 = Debug|Win32
		{4776A936-094A-4681-9A7D-0E1A99945A6D}.Debug|x64.ActiveCfg = Debug|x64
		{4776A936-094A-4681-9A7D-0E1A99945A6D}.Profile|Win32.ActiveCfg = Release|Win32
		{4776A936-094A-4681-9A7D-0E1A99945A6D}.Profile|Win32.Build.0 = Release|Win32
		{4776A936-094A-4681-9A7D-0E1A99945A6D}.Profile|x64.ActiveCfg = Release|Win32
		{4776A936-094A-4681-9A7D-0E1A99945A6D}.Release|Win32.ActiveCfg = Release|Win32
		{4776A936-094A-4681-9A7D-0E1A99945A6D}.Release|Win32.Build.0 = Release|Win32
		{4776A936-094A-4681-9A7D-0E1A99945A6D}.Release|x64.ActiveCfg = Release|Win32
		{B4A35D64-2780-4C90-822A-325628A3F929}.Debug|Win32.ActiveCfg = Debug|Win32
		{B4A35D64-2780-4C90-822A-325628A3F929}.Debug|Win32.Build.0 = Debug|Win32
		{B4A35D64-2780-4C90-822A-325628A3F929}.Debug|x64.ActiveCfg = Debug|Win32
		{B4A35D64-2780-4C90-822A-325628A3F929}.Profile|Win32.ActiveCfg = Release|Win32
		{B4A35D64-2780-4C90-822A-325628A3F929}.Profile|Win32.Build.0 = Release|Win32
		{B4A35D64-2780-4C90-822A-325628A3F929}.Profile|x64.ActiveCfg = Release|Win32
		{B4A35D64-2780-4C90-822A-325628A3F929}.Release|Win32.ActiveCfg = Release|Win32
		{B4A35D64-2780-4C90-822A-325628A3F929}.Release|Win32.Build.0 = Release|Win32
		{B4A35D64-2780-4C90-822A-325628A3F929}.Release|x64.ActiveCfg = Release|Win32
		{E0B52AE7-E160-4D32-BF3F-910B785E5A8E}.Debug|Win32.ActiveCfg = Debug|Win32
		{E0B52AE7-E160-4D32-BF3F-910B785E5A8E}.Debug|Win32.Build.0 = Debug|Win32
		{E0B52AE7-E160-4D32-BF3F-910B785E5A8E}.Debug|x64.ActiveCfg = Debug|x64
		{E0B52AE7-E160-4D32-BF3F-910B785E5A8E}.Debug|x64.Build.0 = Debug|x64
		{E0B52AE7-E160-4D32-BF3F-910B785E5A8E}.Profile|Win32.ActiveCfg = Release|Win32
		{E0B52AE7-E160-4D32-BF3F-910B785E5A8E}.Profile|Win32.Build.0 = Release|Win32
		{E0B52AE7-E160-4D32-BF3F-910B785E5A8E}.Profile|x64.ActiveCfg = Release|x64
		{E0B52AE7-E160-4D32-BF3F-910B785E5A8E}.Profile|x64.Build.0 = Release|x64
		{E0B52AE7-E160-4D32-BF3F-910B785E5A8E}.Release|Win32.ActiveCfg = Release|Win32
		{E0B52AE7-E160-4D32-BF3F-910B785E5A8E}.Release|Win32.Build.0 = Release|Win32
		{E0B52AE7-E160-4D32-BF3F-910B785E5A8E}.Release|x64.ActiveCfg = Release|x64
		{E0B52AE7-E160-4D32-BF3F-910B785E5A8E}.Release|x64.Build.0 = Release|x64
		{4DF7B057-9C7A-425E-84B1-ED86F664BD55}.Debug|Win32.ActiveCfg = Debug|Win32
		{4DF7B057-9C7A-425E-84B1-ED86F664BD55}.Debug|Win32.Build.0 = Debug|Win32
		{4DF7B057-9C7A-425E-84B1-ED86F664BD55}.Debug|x64.ActiveCfg = Debug|Win32
		{4DF7B057-9C7A-425E-84B1-ED86F664BD55}.Profile|Win32.ActiveCfg = Release|Win32
		{4DF7B057-9C7A-425E-84B1-ED86F664BD55}.Profile|Win32.Build.0 = Release|Win32
		{4DF7B057-9C7A-425E-84B1-ED86F664BD55}.Profile|x64.ActiveCfg = Release|Win32
		{4DF7B057-9C7A-425E-84B1-ED86F664BD55}.Release|Win32.ActiveCfg = Release|Win32
		{4DF7B057-9C7A-425E-84B1-ED86F664BD55}.Release|Win32.Build.0 = Release|Win32
		{4DF7B057-9C7A-425E-84B1-ED86F664BD55}.Release|x64.ActiveCfg = Release|Win32
		{371B9FA9-4C90-4AC6-A123-ACED756D6C77}.Debug|Win32.ActiveCfg = Debug|Win32
		{371B9FA9-4C90-4AC6-A123-ACED756D6C77}.Debug|Win32.Build.0 = Debug|Win32
		{371B9FA9-4C90-4AC6-A123-ACED756D6C77}.Debug|x64.ActiveCfg = Debug|x64
		{371B9FA9-4C90-4AC6-A123-ACED756D6C77}.Debug|x64.Build.0 = Debug|x64
		{371B9FA9-4C90-4AC6-A123-ACED756D6C77}.Profile|Win32.ActiveCfg = Profile|Win32
		{371B9FA9-4C90-4AC6-A123-ACED756D6C77}.Profile|Win32.Build.0 = Profile|Win32
		{371B9FA9-4C90-4AC6-A123-ACED756D6C77}.Profile|x64.ActiveCfg = Profile|x64
		{371B9FA9-4C90-4AC6-A123-ACED756D6C77}.Profile|x64.Build.0 = Profile|x64
		{371B9FA9-4C90-4AC6-A123-ACED756D6C77}.Release|Win32.ActiveCfg = Release|Win32
		{371B9FA9-4C90-4AC6-A123-ACED756D6C77}.Release|Win32.Build.0 = Release|Win32
		{371B9FA9-4C90-4AC6-A123-ACED756D6C77}.Release|x64.ActiveCfg = Release|x64
		{371B9FA9-4C90-4AC6-A123-ACED756D6C77}.Release|x64.Build.0 = Release|x64
		{0510141B-8E86-4E08-B691-1A51AF0E00E6}.Debug|Win32.ActiveCfg = Debug|Win32
		{0510141B-8E86-4E08-B691-1A51AF0E00E6}.Debug|Win32.Build.0 = Debug|Win32
		{0510141B-8E86-4E08-B691-1A51AF0E00E6}.Debug|x64.ActiveCfg = Debug|Win32
		{0510141B-8E86-4E08-B691-1A51AF0E00E6}.Profile|Win32.ActiveCfg = Release|Win32
		{0510141B-8E86-4E08-B691-1A51AF0E00E6}.Profile|Win32.Build.0 = Release|Win32
		{0510141B-8E86-4E08-B691-1A51AF0E00E6}.Profile|x64.ActiveCfg = Release|Win32
		{0510141B-8E86-4E08-B691-1A51AF0E00E6}.Release|Win32.ActiveCfg = Release|Win32
		{0510141B-8E86-4E08-B691-1A51AF0E00E6}.Release|Win32.Build.0 = Release|Win32
		{0510141B-8E86-4E08-B691-1A51AF0E00E6}.Release|x64.ActiveCfg = Release|Win32
		{3C114122-2DD1-45C3-ADF8-4E4C792B9D35}.Debug|Win32.ActiveCfg = Debug|Win32
		{3C114122-2DD1-45C3-ADF8-4E4C792B9D35}.Debug|Win32.Build.0 = Debug|Win32
		{3C114122-2DD1-45C3-ADF8-4E4C792B9D35}.Debug|x64.ActiveCfg = Debug|Win32
		{3C114122-2DD1-45C3-ADF8-4E4C792B9D35}.Profile|Win32.ActiveCfg = Release|Win32
		{3C114122-2DD1-45C3-ADF8-4E4C792B9D35}.Profile|Win32.Build.0 = Release|Win32
		{3C114122-2DD1-45C3-ADF8-4E4C792B9D35}.Profile|x64.ActiveCfg = Release|Win32
		{3C114122-2DD1-45C3-ADF8-4E4C792B9D35}.Release|Win32.ActiveCfg = Release|Win32
		{3C114122-2DD1-45C3-ADF8-4E4C792B9D35}.Release|Win32.Build.0 = Release|Win32
		{3C114122-2DD1-45C3-ADF8-4E4C792B9D35}.Release|x64.ActiveCfg = Release|Win32
		{79BEE8F7-DD9D-421B-A477-9AF47931534C}.Debug|Win32.ActiveCfg = Debug|Win32
		{79BEE8F7-DD9D-421B-A477-9AF47931534C}.Debug|Win32.Build.0 = Debug|Win32
		{79BEE8F7-DD9D-421B-A477-9AF47931534C}.Debug|x64.ActiveCfg = Debug|Win32
		{79BEE8F7-DD9D-421B-A477-9AF47931534C}.Profile|Win32.ActiveCfg = Release|Win32
		{79BEE8F7-DD9D-421B-A477-9AF47931534C}.Profile|Win32.Build.0 = Release|Win32
		{79BEE8F7-DD9D-421B-A477-9AF47931534C}.Profile|x64.ActiveCfg = Release|Win32
		{79BEE8F7-DD9D-421B-A477-9AF47931534C}.Release|Win32.ActiveCfg = Release|Win32
		{79BEE8F7-DD9D-421B-A477-9AF47931534C}.Release|Win32.Build.0 = Release|Win32
		{79BEE8F7-DD9D-421B-A477-9AF47931534C}.Release|x64.ActiveCfg = Release|Win32
		{ABDB75F7-BE9B-4369-8DA9-66D8B22D0E17}.Debug|Win32.ActiveCfg = Debug|Win32
		{ABDB75F7-BE9B-4369-8DA9-66D8B22D0E17}.Debug|Win32.Build.0 = Debug|Win32
		{ABDB75F7-BE9B-4369-8DA9-66D8B22D0E17}.Debug|x64.ActiveCfg = Debug|Win32
		{ABDB75F7-BE9B-4369-8DA9-66D8B22D0E17}.Profile|Win32.ActiveCfg = Release|Win32
		{ABDB75F7-BE9B-4369-8DA9-66D8B22D0E17}.Profile|Win32.Build.0 = Release|Win32
		{ABDB75F7-BE9B-4369-8DA9-66D8B22D0E17}.Profile|x64.ActiveCfg = Release|Win32
		{ABDB75F7-BE9B-4369-8DA9-66D8B22D0E17}.Release|Win32.ActiveCfg = Release|Win32
		{ABDB75F7-BE9B-4369-8DA9-66D8B22D0E17}.Release|Win32.Build.0 = Release|Win32
		{ABDB75F7-BE9B-4369-8DA9-66D8B22D0E17}.Release|x64.ActiveCfg = Release|Win32
	EndGlobalSection
	GlobalSection(SolutionProperties) = preSolution
		HideSolutionNode = FALSE
	EndGlobalSection
EndGlobal
